
Microsoft Visual Studio Solution File, Format Version 12.00
# Visual Studio Version 17
VisualStudioVersion = 17.14.36109.1 d17.14
MinimumVisualStudioVersion = 10.0.40219.1
Project("{FAE04EC0-301F-11D3-BF4B-00C04F79EFBC}") = "CollectionManager", "CollectionManager.csproj", "{CA3167E8-92C7-4AAE-B9F6-9B1F863245FA}"
EndProject
Global
	GlobalSection(SolutionConfigurationPlatforms) = preSolution
		Debug|Any CPU = Debug|Any CPU
		Release|Any CPU = Release|Any CPU
	EndGlobalSection
	GlobalSection(ProjectConfigurationPlatforms) = postSolution
		{CA3167E8-92C7-4AAE-B9F6-9B1F863245FA}.Debug|Any CPU.ActiveCfg = Debug|Any CPU
		{CA3167E8-92C7-4AAE-B9F6-9B1F863245FA}.Debug|Any CPU.Build.0 = Debug|Any CPU
		{CA3167E8-92C7-4AAE-B9F6-9B1F863245FA}.Release|Any CPU.ActiveCfg = Release|Any CPU
		{CA3167E8-92C7-4AAE-B9F6-9B1F863245FA}.Release|Any CPU.Build.0 = Release|Any CPU
	EndGlobalSection
	GlobalSection(SolutionProperties) = preSolution
		HideSolutionNode = FALSE
	EndGlobalSection
	GlobalSection(ExtensibilityGlobals) = postSolution
		SolutionGuid = {43A4F874-AB26-474C-8551-3F5F36E19804}
	EndGlobalSection
EndGlobal
